
Microsoft Visual Studio Solution File, Format Version 12.00
# Visual Studio Version 16
VisualStudioVersion = 16.0.32126.315
MinimumVisualStudioVersion = 10.0.40219.1
Project("{FAE04EC0-301F-11D3-BF4B-00C04F79EFBC}") = "Iteraatio 5", "Iteraatio 5\Iteraatio 5.csproj", "{3A41FF70-356D-4977-8FEA-F704E610D240}"
EndProject
Global
	GlobalSection(SolutionConfigurationPlatforms) = preSolution
		Debug|Any CPU = Debug|Any CPU
		Release|Any CPU = Release|Any CPU
	EndGlobalSection
	GlobalSection(ProjectConfigurationPlatforms) = postSolution
		{3A41FF70-356D-4977-8FEA-F704E610D240}.Debug|Any CPU.ActiveCfg = Debug|Any CPU
		{3A41FF70-356D-4977-8FEA-F704E610D240}.Debug|Any CPU.Build.0 = Debug|Any CPU
		{3A41FF70-356D-4977-8FEA-F704E610D240}.Release|Any CPU.ActiveCfg = Release|Any CPU
		{3A41FF70-356D-4977-8FEA-F704E610D240}.Release|Any CPU.Build.0 = Release|Any CPU
	EndGlobalSection
	GlobalSection(SolutionProperties) = preSolution
		HideSolutionNode = FALSE
	EndGlobalSection
	GlobalSection(ExtensibilityGlobals) = postSolution
		SolutionGuid = {9B0EEC79-EAFB-4323-8D34-A86C899DCC46}
	EndGlobalSection
EndGlobal
